// !$*UTF8*$!
{
	archiveVersion = 1;
	classes = {
	};
	objectVersion = 56;
	objects = {

/* Begin PBXBuildFile section */
		3925F8BC296F377700458BFC /* AppDelegate.swift in Sources */ = {isa = PBXBuildFile; fileRef = 3925F8BB296F377700458BFC /* AppDelegate.swift */; };
		3925F8BE296F377700458BFC /* SceneDelegate.swift in Sources */ = {isa = PBXBuildFile; fileRef = 3925F8BD296F377700458BFC /* SceneDelegate.swift */; };
		3925F8C0296F377700458BFC /* RMTabViewController.swift in Sources */ = {isa = PBXBuildFile; fileRef = 3925F8BF296F377700458BFC /* RMTabViewController.swift */; };
		3925F8C5296F377900458BFC /* Assets.xcassets in Resources */ = {isa = PBXBuildFile; fileRef = 3925F8C4296F377900458BFC /* Assets.xcassets */; };
		3925F8C8296F377900458BFC /* LaunchScreen.storyboard in Resources */ = {isa = PBXBuildFile; fileRef = 3925F8C6296F377900458BFC /* LaunchScreen.storyboard */; };
		3925F8D7296F48EB00458BFC /* RMLocation.swift in Sources */ = {isa = PBXBuildFile; fileRef = 3925F8D6296F48EB00458BFC /* RMLocation.swift */; };
		3925F8D9296F492200458BFC /* RMCharacter.swift in Sources */ = {isa = PBXBuildFile; fileRef = 3925F8D8296F492200458BFC /* RMCharacter.swift */; };
		3925F8DB296F493800458BFC /* RMEpisode.swift in Sources */ = {isa = PBXBuildFile; fileRef = 3925F8DA296F493800458BFC /* RMEpisode.swift */; };
		3925F8DE296F4A9E00458BFC /* RMCharacterViewController.swift in Sources */ = {isa = PBXBuildFile; fileRef = 3925F8DD296F4A9E00458BFC /* RMCharacterViewController.swift */; };
		3925F8E1296F4AFE00458BFC /* RMEpisodesViewController.swift in Sources */ = {isa = PBXBuildFile; fileRef = 3925F8E0296F4AFE00458BFC /* RMEpisodesViewController.swift */; };
		3925F8E3296F4B1300458BFC /* RMLocationViewController.swift in Sources */ = {isa = PBXBuildFile; fileRef = 3925F8E2296F4B1300458BFC /* RMLocationViewController.swift */; };
		3925F8E5296F4B2F00458BFC /* RMSettingsViewController.swift in Sources */ = {isa = PBXBuildFile; fileRef = 3925F8E4296F4B2F00458BFC /* RMSettingsViewController.swift */; };
		3925F9272971DCB200458BFC /* RMService.swift in Sources */ = {isa = PBXBuildFile; fileRef = 3925F9262971DCB200458BFC /* RMService.swift */; };
		3925F9292971DCF400458BFC /* RMRequest.swift in Sources */ = {isa = PBXBuildFile; fileRef = 3925F9282971DCF400458BFC /* RMRequest.swift */; };
		3925F92B2971F34800458BFC /* RMEndpoint.swift in Sources */ = {isa = PBXBuildFile; fileRef = 3925F92A2971F34800458BFC /* RMEndpoint.swift */; };
		39BC54692975342A00FADCFB /* RMOrigin.swift in Sources */ = {isa = PBXBuildFile; fileRef = 39BC54682975342A00FADCFB /* RMOrigin.swift */; };
		39BC546B2975351A00FADCFB /* RMSingleLocation.swift in Sources */ = {isa = PBXBuildFile; fileRef = 39BC546A2975351A00FADCFB /* RMSingleLocation.swift */; };
		39BC546D2976FD6900FADCFB /*  RMCharacterGender.swift in Sources */ = {isa = PBXBuildFile; fileRef = 39BC546C2976FD6900FADCFB /*  RMCharacterGender.swift */; };
		39EF70FF2985060E009249A0 /* RMCharacterStatus.swift in Sources */ = {isa = PBXBuildFile; fileRef = 39EF70FE2985060E009249A0 /* RMCharacterStatus.swift */; };
/* End PBXBuildFile section */

/* Begin PBXFileReference section */
		3925F8B8296F377700458BFC /* RIckAndMorty.app */ = {isa = PBXFileReference; explicitFileType = wrapper.application; includeInIndex = 0; path = RIckAndMorty.app; sourceTree = BUILT_PRODUCTS_DIR; };
		3925F8BB296F377700458BFC /* AppDelegate.swift */ = {isa = PBXFileReference; lastKnownFileType = sourcecode.swift; path = AppDelegate.swift; sourceTree = "<group>"; };
		3925F8BD296F377700458BFC /* SceneDelegate.swift */ = {isa = PBXFileReference; lastKnownFileType = sourcecode.swift; path = SceneDelegate.swift; sourceTree = "<group>"; };
		3925F8BF296F377700458BFC /* RMTabViewController.swift */ = {isa = PBXFileReference; lastKnownFileType = sourcecode.swift; path = RMTabViewController.swift; sourceTree = "<group>"; };
		3925F8C4296F377900458BFC /* Assets.xcassets */ = {isa = PBXFileReference; lastKnownFileType = folder.assetcatalog; path = Assets.xcassets; sourceTree = "<group>"; };
		3925F8C7296F377900458BFC /* Base */ = {isa = PBXFileReference; lastKnownFileType = file.storyboard; name = Base; path = Base.lproj/LaunchScreen.storyboard; sourceTree = "<group>"; };
		3925F8C9296F377900458BFC /* Info.plist */ = {isa = PBXFileReference; lastKnownFileType = text.plist.xml; path = Info.plist; sourceTree = "<group>"; };
		3925F8D6296F48EB00458BFC /* RMLocation.swift */ = {isa = PBXFileReference; lastKnownFileType = sourcecode.swift; path = RMLocation.swift; sourceTree = "<group>"; };
		3925F8D8296F492200458BFC /* RMCharacter.swift */ = {isa = PBXFileReference; lastKnownFileType = sourcecode.swift; path = RMCharacter.swift; sourceTree = "<group>"; };
		3925F8DA296F493800458BFC /* RMEpisode.swift */ = {isa = PBXFileReference; lastKnownFileType = sourcecode.swift; path = RMEpisode.swift; sourceTree = "<group>"; };
		3925F8DD296F4A9E00458BFC /* RMCharacterViewController.swift */ = {isa = PBXFileReference; lastKnownFileType = sourcecode.swift; path = RMCharacterViewController.swift; sourceTree = "<group>"; };
		3925F8E0296F4AFE00458BFC /* RMEpisodesViewController.swift */ = {isa = PBXFileReference; lastKnownFileType = sourcecode.swift; path = RMEpisodesViewController.swift; sourceTree = "<group>"; };
		3925F8E2296F4B1300458BFC /* RMLocationViewController.swift */ = {isa = PBXFileReference; lastKnownFileType = sourcecode.swift; path = RMLocationViewController.swift; sourceTree = "<group>"; };
		3925F8E4296F4B2F00458BFC /* RMSettingsViewController.swift */ = {isa = PBXFileReference; lastKnownFileType = sourcecode.swift; path = RMSettingsViewController.swift; sourceTree = "<group>"; };
		3925F9262971DCB200458BFC /* RMService.swift */ = {isa = PBXFileReference; lastKnownFileType = sourcecode.swift; path = RMService.swift; sourceTree = "<group>"; };
		3925F9282971DCF400458BFC /* RMRequest.swift */ = {isa = PBXFileReference; lastKnownFileType = sourcecode.swift; path = RMRequest.swift; sourceTree = "<group>"; };
		3925F92A2971F34800458BFC /* RMEndpoint.swift */ = {isa = PBXFileReference; lastKnownFileType = sourcecode.swift; path = RMEndpoint.swift; sourceTree = "<group>"; };
		39BC54682975342A00FADCFB /* RMOrigin.swift */ = {isa = PBXFileReference; lastKnownFileType = sourcecode.swift; path = RMOrigin.swift; sourceTree = "<group>"; };
		39BC546A2975351A00FADCFB /* RMSingleLocation.swift */ = {isa = PBXFileReference; lastKnownFileType = sourcecode.swift; path = RMSingleLocation.swift; sourceTree = "<group>"; };
		39BC546C2976FD6900FADCFB /*  RMCharacterGender.swift */ = {isa = PBXFileReference; lastKnownFileType = sourcecode.swift; path = " RMCharacterGender.swift"; sourceTree = "<group>"; };
		39EF70FE2985060E009249A0 /* RMCharacterStatus.swift */ = {isa = PBXFileReference; lastKnownFileType = sourcecode.swift; path = RMCharacterStatus.swift; sourceTree = "<group>"; };
/* End PBXFileReference section */

/* Begin PBXFrameworksBuildPhase section */
		3925F8B5296F377700458BFC /* Frameworks */ = {
			isa = PBXFrameworksBuildPhase;
			buildActionMask = 2147483647;
			files = (
			);
			runOnlyForDeploymentPostprocessing = 0;
		};
/* End PBXFrameworksBuildPhase section */

/* Begin PBXGroup section */
		3925F8AF296F377700458BFC = {
			isa = PBXGroup;
			children = (
				3925F8BA296F377700458BFC /* RIckAndMorty */,
				3925F8B9296F377700458BFC /* Products */,
			);
			sourceTree = "<group>";
		};
		3925F8B9296F377700458BFC /* Products */ = {
			isa = PBXGroup;
			children = (
				3925F8B8296F377700458BFC /* RIckAndMorty.app */,
			);
			name = Products;
			sourceTree = "<group>";
		};
		3925F8BA296F377700458BFC /* RIckAndMorty */ = {
			isa = PBXGroup;
			children = (
				3925F8D5296F47BD00458BFC /* Resources */,
				3925F8D4296F47B600458BFC /* Managers */,
				3925F8D3296F479700458BFC /* APIClient */,
				3925F8D2296F478E00458BFC /* ViewModels */,
				3925F8D1296F477F00458BFC /* Views */,
				3925F8D0296F476F00458BFC /* Models */,
				3925F8CF296F476400458BFC /* Controllers */,
				3925F8C9296F377900458BFC /* Info.plist */,
			);
			path = RIckAndMorty;
			sourceTree = "<group>";
		};
		3925F8CF296F476400458BFC /* Controllers */ = {
			isa = PBXGroup;
			children = (
				3925F8DC296F4A1900458BFC /* Core */,
			);
			path = Controllers;
			sourceTree = "<group>";
		};
		3925F8D0296F476F00458BFC /* Models */ = {
			isa = PBXGroup;
			children = (
				3925F8D6296F48EB00458BFC /* RMLocation.swift */,
				3925F8D8296F492200458BFC /* RMCharacter.swift */,
				3925F8DA296F493800458BFC /* RMEpisode.swift */,
				39BC54682975342A00FADCFB /* RMOrigin.swift */,
				39BC546A2975351A00FADCFB /* RMSingleLocation.swift */,
				39BC546C2976FD6900FADCFB /*  RMCharacterGender.swift */,
				39EF70FE2985060E009249A0 /* RMCharacterStatus.swift */,
			);
			path = Models;
			sourceTree = "<group>";
		};
		3925F8D1296F477F00458BFC /* Views */ = {
			isa = PBXGroup;
			children = (
			);
			path = Views;
			sourceTree = "<group>";
		};
		3925F8D2296F478E00458BFC /* ViewModels */ = {
			isa = PBXGroup;
			children = (
			);
			path = ViewModels;
			sourceTree = "<group>";
		};
		3925F8D3296F479700458BFC /* APIClient */ = {
			isa = PBXGroup;
			children = (
				3925F9262971DCB200458BFC /* RMService.swift */,
				3925F9282971DCF400458BFC /* RMRequest.swift */,
				3925F92A2971F34800458BFC /* RMEndpoint.swift */,
			);
			path = APIClient;
			sourceTree = "<group>";
		};
		3925F8D4296F47B600458BFC /* Managers */ = {
			isa = PBXGroup;
			children = (
			);
			path = Managers;
			sourceTree = "<group>";
		};
		3925F8D5296F47BD00458BFC /* Resources */ = {
			isa = PBXGroup;
			children = (
				3925F8BD296F377700458BFC /* SceneDelegate.swift */,
				3925F8C6296F377900458BFC /* LaunchScreen.storyboard */,
				3925F8C4296F377900458BFC /* Assets.xcassets */,
				3925F8BB296F377700458BFC /* AppDelegate.swift */,
			);
			path = Resources;
			sourceTree = "<group>";
		};
		3925F8DC296F4A1900458BFC /* Core */ = {
			isa = PBXGroup;
			children = (
				3925F8BF296F377700458BFC /* RMTabViewController.swift */,
				3925F8DD296F4A9E00458BFC /* RMCharacterViewController.swift */,
				3925F8E0296F4AFE00458BFC /* RMEpisodesViewController.swift */,
				3925F8E2296F4B1300458BFC /* RMLocationViewController.swift */,
				3925F8E4296F4B2F00458BFC /* RMSettingsViewController.swift */,
			);
			path = Core;
			sourceTree = "<group>";
		};
/* End PBXGroup section */

/* Begin PBXNativeTarget section */
		3925F8B7296F377700458BFC /* RIckAndMorty */ = {
			isa = PBXNativeTarget;
			buildConfigurationList = 3925F8CC296F377900458BFC /* Build configuration list for PBXNativeTarget "RIckAndMorty" */;
			buildPhases = (
				3925F8B4296F377700458BFC /* Sources */,
				3925F8B5296F377700458BFC /* Frameworks */,
				3925F8B6296F377700458BFC /* Resources */,
			);
			buildRules = (
			);
			dependencies = (
			);
			name = RIckAndMorty;
			productName = RIckAndMorty;
			productReference = 3925F8B8296F377700458BFC /* RIckAndMorty.app */;
			productType = "com.apple.product-type.application";
		};
/* End PBXNativeTarget section */

/* Begin PBXProject section */
		3925F8B0296F377700458BFC /* Project object */ = {
			isa = PBXProject;
			attributes = {
				BuildIndependentTargetsInParallel = 1;
				LastSwiftUpdateCheck = 1420;
				LastUpgradeCheck = 1420;
				TargetAttributes = {
					3925F8B7296F377700458BFC = {
						CreatedOnToolsVersion = 14.2;
					};
				};
			};
			buildConfigurationList = 3925F8B3296F377700458BFC /* Build configuration list for PBXProject "RIckAndMorty" */;
			compatibilityVersion = "Xcode 14.0";
			developmentRegion = en;
			hasScannedForEncodings = 0;
			knownRegions = (
				en,
				Base,
			);
			mainGroup = 3925F8AF296F377700458BFC;
			productRefGroup = 3925F8B9296F377700458BFC /* Products */;
			projectDirPath = "";
			projectRoot = "";
			targets = (
				3925F8B7296F377700458BFC /* RIckAndMorty */,
			);
		};
/* End PBXProject section */

/* Begin PBXResourcesBuildPhase section */
		3925F8B6296F377700458BFC /* Resources */ = {
			isa = PBXResourcesBuildPhase;
			buildActionMask = 2147483647;
			files = (
				3925F8C8296F377900458BFC /* LaunchScreen.storyboard in Resources */,
				3925F8C5296F377900458BFC /* Assets.xcassets in Resources */,
			);
			runOnlyForDeploymentPostprocessing = 0;
		};
/* End PBXResourcesBuildPhase section */

/* Begin PBXSourcesBuildPhase section */
		3925F8B4296F377700458BFC /* Sources */ = {
			isa = PBXSourcesBuildPhase;
			buildActionMask = 2147483647;
			files = (
				39BC54692975342A00FADCFB /* RMOrigin.swift in Sources */,
				39BC546B2975351A00FADCFB /* RMSingleLocation.swift in Sources */,
				3925F8E3296F4B1300458BFC /* RMLocationViewController.swift in Sources */,
				3925F8DB296F493800458BFC /* RMEpisode.swift in Sources */,
				39BC546D2976FD6900FADCFB /*  RMCharacterGender.swift in Sources */,
				3925F8C0296F377700458BFC /* RMTabViewController.swift in Sources */,
				3925F8BC296F377700458BFC /* AppDelegate.swift in Sources */,
				3925F8E1296F4AFE00458BFC /* RMEpisodesViewController.swift in Sources */,
				3925F8D7296F48EB00458BFC /* RMLocation.swift in Sources */,
				39EF70FF2985060E009249A0 /* RMCharacterStatus.swift in Sources */,
				3925F8E5296F4B2F00458BFC /* RMSettingsViewController.swift in Sources */,
				3925F9272971DCB200458BFC /* RMService.swift in Sources */,
				3925F8BE296F377700458BFC /* SceneDelegate.swift in Sources */,
				3925F92B2971F34800458BFC /* RMEndpoint.swift in Sources */,
				3925F8D9296F492200458BFC /* RMCharacter.swift in Sources */,
				3925F9292971DCF400458BFC /* RMRequest.swift in Sources */,
				3925F8DE296F4A9E00458BFC /* RMCharacterViewController.swift in Sources */,
			);
			runOnlyForDeploymentPostprocessing = 0;
		};
/* End PBXSourcesBuildPhase section */

/* Begin PBXVariantGroup section */
		3925F8C6296F377900458BFC /* LaunchScreen.storyboard */ = {
			isa = PBXVariantGroup;
			children = (
				3925F8C7296F377900458BFC /* Base */,
			);
			name = LaunchScreen.storyboard;
			sourceTree = "<group>";
		};
/* End PBXVariantGroup section */

/* Begin XCBuildConfiguration section */
		3925F8CA296F377900458BFC /* Debug */ = {
			isa = XCBuildConfiguration;
			buildSettings = {
				ALWAYS_SEARCH_USER_PATHS = NO;
				CLANG_ANALYZER_NONNULL = YES;
				CLANG_ANALYZER_NUMBER_OBJECT_CONVERSION = YES_AGGRESSIVE;
				CLANG_CXX_LANGUAGE_STANDARD = "gnu++20";
				CLANG_ENABLE_MODULES = YES;
				CLANG_ENABLE_OBJC_ARC = YES;
				CLANG_ENABLE_OBJC_WEAK = YES;
				CLANG_WARN_BLOCK_CAPTURE_AUTORELEASING = YES;
				CLANG_WARN_BOOL_CONVERSION = YES;
				CLANG_WARN_COMMA = YES;
				CLANG_WARN_CONSTANT_CONVERSION = YES;
				CLANG_WARN_DEPRECATED_OBJC_IMPLEMENTATIONS = YES;
				CLANG_WARN_DIRECT_OBJC_ISA_USAGE = YES_ERROR;
				CLANG_WARN_DOCUMENTATION_COMMENTS = YES;
				CLANG_WARN_EMPTY_BODY = YES;
				CLANG_WARN_ENUM_CONVERSION = YES;
				CLANG_WARN_INFINITE_RECURSION = YES;
				CLANG_WARN_INT_CONVERSION = YES;
				CLANG_WARN_NON_LITERAL_NULL_CONVERSION = YES;
				CLANG_WARN_OBJC_IMPLICIT_RETAIN_SELF = YES;
				CLANG_WARN_OBJC_LITERAL_CONVERSION = YES;
				CLANG_WARN_OBJC_ROOT_CLASS = YES_ERROR;
				CLANG_WARN_QUOTED_INCLUDE_IN_FRAMEWORK_HEADER = YES;
				CLANG_WARN_RANGE_LOOP_ANALYSIS = YES;
				CLANG_WARN_STRICT_PROTOTYPES = YES;
				CLANG_WARN_SUSPICIOUS_MOVE = YES;
				CLANG_WARN_UNGUARDED_AVAILABILITY = YES_AGGRESSIVE;
				CLANG_WARN_UNREACHABLE_CODE = YES;
				CLANG_WARN__DUPLICATE_METHOD_MATCH = YES;
				COPY_PHASE_STRIP = NO;
				DEBUG_INFORMATION_FORMAT = dwarf;
				ENABLE_STRICT_OBJC_MSGSEND = YES;
				ENABLE_TESTABILITY = YES;
				GCC_C_LANGUAGE_STANDARD = gnu11;
				GCC_DYNAMIC_NO_PIC = NO;
				GCC_NO_COMMON_BLOCKS = YES;
				GCC_OPTIMIZATION_LEVEL = 0;
				GCC_PREPROCESSOR_DEFINITIONS = (
					"DEBUG=1",
					"$(inherited)",
				);
				GCC_WARN_64_TO_32_BIT_CONVERSION = YES;
				GCC_WARN_ABOUT_RETURN_TYPE = YES_ERROR;
				GCC_WARN_UNDECLARED_SELECTOR = YES;
				GCC_WARN_UNINITIALIZED_AUTOS = YES_AGGRESSIVE;
				GCC_WARN_UNUSED_FUNCTION = YES;
				GCC_WARN_UNUSED_VARIABLE = YES;
				IPHONEOS_DEPLOYMENT_TARGET = 16.2;
				MTL_ENABLE_DEBUG_INFO = INCLUDE_SOURCE;
				MTL_FAST_MATH = YES;
				ONLY_ACTIVE_ARCH = YES;
				SDKROOT = iphoneos;
				SWIFT_ACTIVE_COMPILATION_CONDITIONS = DEBUG;
				SWIFT_OPTIMIZATION_LEVEL = "-Onone";
			};
			name = Debug;
		};
		3925F8CB296F377900458BFC /* Release */ = {
			isa = XCBuildConfiguration;
			buildSettings = {
				ALWAYS_SEARCH_USER_PATHS = NO;
				CLANG_ANALYZER_NONNULL = YES;
				CLANG_ANALYZER_NUMBER_OBJECT_CONVERSION = YES_AGGRESSIVE;
				CLANG_CXX_LANGUAGE_STANDARD = "gnu++20";
				CLANG_ENABLE_MODULES = YES;
				CLANG_ENABLE_OBJC_ARC = YES;
				CLANG_ENABLE_OBJC_WEAK = YES;
				CLANG_WARN_BLOCK_CAPTURE_AUTORELEASING = YES;
				CLANG_WARN_BOOL_CONVERSION = YES;
				CLANG_WARN_COMMA = YES;
				CLANG_WARN_CONSTANT_CONVERSION = YES;
				CLANG_WARN_DEPRECATED_OBJC_IMPLEMENTATIONS = YES;
				CLANG_WARN_DIRECT_OBJC_ISA_USAGE = YES_ERROR;
				CLANG_WARN_DOCUMENTATION_COMMENTS = YES;
				CLANG_WARN_EMPTY_BODY = YES;
				CLANG_WARN_ENUM_CONVERSION = YES;
				CLANG_WARN_INFINITE_RECURSION = YES;
				CLANG_WARN_INT_CONVERSION = YES;
				CLANG_WARN_NON_LITERAL_NULL_CONVERSION = YES;
				CLANG_WARN_OBJC_IMPLICIT_RETAIN_SELF = YES;
				CLANG_WARN_OBJC_LITERAL_CONVERSION = YES;
				CLANG_WARN_OBJC_ROOT_CLASS = YES_ERROR;
				CLANG_WARN_QUOTED_INCLUDE_IN_FRAMEWORK_HEADER = YES;
				CLANG_WARN_RANGE_LOOP_ANALYSIS = YES;
				CLANG_WARN_STRICT_PROTOTYPES = YES;
				CLANG_WARN_SUSPICIOUS_MOVE = YES;
				CLANG_WARN_UNGUARDED_AVAILABILITY = YES_AGGRESSIVE;
				CLANG_WARN_UNREACHABLE_CODE = YES;
				CLANG_WARN__DUPLICATE_METHOD_MATCH = YES;
				COPY_PHASE_STRIP = NO;
				DEBUG_INFORMATION_FORMAT = "dwarf-with-dsym";
				ENABLE_NS_ASSERTIONS = NO;
				ENABLE_STRICT_OBJC_MSGSEND = YES;
				GCC_C_LANGUAGE_STANDARD = gnu11;
				GCC_NO_COMMON_BLOCKS = YES;
				GCC_WARN_64_TO_32_BIT_CONVERSION = YES;
				GCC_WARN_ABOUT_RETURN_TYPE = YES_ERROR;
				GCC_WARN_UNDECLARED_SELECTOR = YES;
				GCC_WARN_UNINITIALIZED_AUTOS = YES_AGGRESSIVE;
				GCC_WARN_UNUSED_FUNCTION = YES;
				GCC_WARN_UNUSED_VARIABLE = YES;
				IPHONEOS_DEPLOYMENT_TARGET = 16.2;
				MTL_ENABLE_DEBUG_INFO = NO;
				MTL_FAST_MATH = YES;
				SDKROOT = iphoneos;
				SWIFT_COMPILATION_MODE = wholemodule;
				SWIFT_OPTIMIZATION_LEVEL = "-O";
				VALIDATE_PRODUCT = YES;
			};
			name = Release;
		};
		3925F8CD296F377900458BFC /* Debug */ = {
			isa = XCBuildConfiguration;
			buildSettings = {
				ASSETCATALOG_COMPILER_APPICON_NAME = AppIcon;
				ASSETCATALOG_COMPILER_GLOBAL_ACCENT_COLOR_NAME = AccentColor;
				CODE_SIGN_STYLE = Automatic;
				CURRENT_PROJECT_VERSION = 1;
				DEVELOPMENT_TEAM = R88AK42GZ6;
				GENERATE_INFOPLIST_FILE = YES;
				INFOPLIST_FILE = RIckAndMorty/Info.plist;
				INFOPLIST_KEY_UIApplicationSupportsIndirectInputEvents = YES;
				INFOPLIST_KEY_UILaunchStoryboardName = LaunchScreen;
				INFOPLIST_KEY_UISupportedInterfaceOrientations_iPad = "UIInterfaceOrientationPortrait UIInterfaceOrientationPortraitUpsideDown UIInterfaceOrientationLandscapeLeft UIInterfaceOrientationLandscapeRight";
				INFOPLIST_KEY_UISupportedInterfaceOrientations_iPhone = "UIInterfaceOrientationPortrait UIInterfaceOrientationLandscapeLeft UIInterfaceOrientationLandscapeRight";
				LD_RUNPATH_SEARCH_PATHS = (
					"$(inherited)",
					"@executable_path/Frameworks",
				);
				MARKETING_VERSION = 1.0;
				PRODUCT_BUNDLE_IDENTIFIER = com.ilkin.RIckAndMorty;
				PRODUCT_NAME = "$(TARGET_NAME)";
				SWIFT_EMIT_LOC_STRINGS = YES;
				SWIFT_VERSION = 5.0;
				TARGETED_DEVICE_FAMILY = "1,2";
			};
			name = Debug;
		};
		3925F8CE296F377900458BFC /* Release */ = {
			isa = XCBuildConfiguration;
			buildSettings = {
				ASSETCATALOG_COMPILER_APPICON_NAME = AppIcon;
				ASSETCATALOG_COMPILER_GLOBAL_ACCENT_COLOR_NAME = AccentColor;
				CODE_SIGN_STYLE = Automatic;
				CURRENT_PROJECT_VERSION = 1;
				DEVELOPMENT_TEAM = R88AK42GZ6;
				GENERATE_INFOPLIST_FILE = YES;
				INFOPLIST_FILE = RIckAndMorty/Info.plist;
				INFOPLIST_KEY_UIApplicationSupportsIndirectInputEvents = YES;
				INFOPLIST_KEY_UILaunchStoryboardName = LaunchScreen;
				INFOPLIST_KEY_UISupportedInterfaceOrientations_iPad = "UIInterfaceOrientationPortrait UIInterfaceOrientationPortraitUpsideDown UIInterfaceOrientationLandscapeLeft UIInterfaceOrientationLandscapeRight";
				INFOPLIST_KEY_UISupportedInterfaceOrientations_iPhone = "UIInterfaceOrientationPortrait UIInterfaceOrientationLandscapeLeft UIInterfaceOrientationLandscapeRight";
				LD_RUNPATH_SEARCH_PATHS = (
					"$(inherited)",
					"@executable_path/Frameworks",
				);
				MARKETING_VERSION = 1.0;
				PRODUCT_BUNDLE_IDENTIFIER = com.ilkin.RIckAndMorty;
				PRODUCT_NAME = "$(TARGET_NAME)";
				SWIFT_EMIT_LOC_STRINGS = YES;
				SWIFT_VERSION = 5.0;
				TARGETED_DEVICE_FAMILY = "1,2";
			};
			name = Release;
		};
/* End XCBuildConfiguration section */

/* Begin XCConfigurationList section */
		3925F8B3296F377700458BFC /* Build configuration list for PBXProject "RIckAndMorty" */ = {
			isa = XCConfigurationList;
			buildConfigurations = (
				3925F8CA296F377900458BFC /* Debug */,
				3925F8CB296F377900458BFC /* Release */,
			);
			defaultConfigurationIsVisible = 0;
			defaultConfigurationName = Release;
		};
		3925F8CC296F377900458BFC /* Build configuration list for PBXNativeTarget "RIckAndMorty" */ = {
			isa = XCConfigurationList;
			buildConfigurations = (
				3925F8CD296F377900458BFC /* Debug */,
				3925F8CE296F377900458BFC /* Release */,
			);
			defaultConfigurationIsVisible = 0;
			defaultConfigurationName = Release;
		};
/* End XCConfigurationList section */
	};
	rootObject = 3925F8B0296F377700458BFC /* Project object */;
}
